
Microsoft Visual Studio Solution File, Format Version 12.00
# Visual Studio 15
VisualStudioVersion = 15.0.28010.2036
MinimumVisualStudioVersion = 10.0.40219.1
Project("{FAE04EC0-301F-11D3-BF4B-00C04F79EFBC}") = "ASSESS2-ODDONEOUT-HILTY", "ASSESS2-ODDONEOUT-HILTY\ASSESS2-ODDONEOUT-HILTY.csproj", "{E7847A22-CFC6-44A5-90D4-B704003805E7}"
EndProject
Global
	GlobalSection(SolutionConfigurationPlatforms) = preSolution
		Debug|Any CPU = Debug|Any CPU
		Release|Any CPU = Release|Any CPU
	EndGlobalSection
	GlobalSection(ProjectConfigurationPlatforms) = postSolution
		{E7847A22-CFC6-44A5-90D4-B704003805E7}.Debug|Any CPU.ActiveCfg = Debug|Any CPU
		{E7847A22-CFC6-44A5-90D4-B704003805E7}.Debug|Any CPU.Build.0 = Debug|Any CPU
		{E7847A22-CFC6-44A5-90D4-B704003805E7}.Release|Any CPU.ActiveCfg = Release|Any CPU
		{E7847A22-CFC6-44A5-90D4-B704003805E7}.Release|Any CPU.Build.0 = Release|Any CPU
	EndGlobalSection
	GlobalSection(SolutionProperties) = preSolution
		HideSolutionNode = FALSE
	EndGlobalSection
	GlobalSection(ExtensibilityGlobals) = postSolution
		SolutionGuid = {AD79E4E4-2CEC-4964-9DA9-2A36D7624241}
	EndGlobalSection
EndGlobal
