
Microsoft Visual Studio Solution File, Format Version 12.00
# Visual Studio 15
VisualStudioVersion = 15.0.28010.2036
MinimumVisualStudioVersion = 10.0.40219.1
Project("{FAE04EC0-301F-11D3-BF4B-00C04F79EFBC}") = "ASSESS4-2NDDIM-HILT", "ASSESS4-2NDDIM-HILT\ASSESS4-2NDDIM-HILT.csproj", "{285A267D-887A-499C-87D1-09FC9CF1AD8C}"
EndProject
Global
	GlobalSection(SolutionConfigurationPlatforms) = preSolution
		Debug|Any CPU = Debug|Any CPU
		Release|Any CPU = Release|Any CPU
	EndGlobalSection
	GlobalSection(ProjectConfigurationPlatforms) = postSolution
		{285A267D-887A-499C-87D1-09FC9CF1AD8C}.Debug|Any CPU.ActiveCfg = Debug|Any CPU
		{285A267D-887A-499C-87D1-09FC9CF1AD8C}.Debug|Any CPU.Build.0 = Debug|Any CPU
		{285A267D-887A-499C-87D1-09FC9CF1AD8C}.Release|Any CPU.ActiveCfg = Release|Any CPU
		{285A267D-887A-499C-87D1-09FC9CF1AD8C}.Release|Any CPU.Build.0 = Release|Any CPU
	EndGlobalSection
	GlobalSection(SolutionProperties) = preSolution
		HideSolutionNode = FALSE
	EndGlobalSection
	GlobalSection(ExtensibilityGlobals) = postSolution
		SolutionGuid = {923DE427-2FA1-439A-BEC6-0010B500F051}
	EndGlobalSection
EndGlobal
